// !$*UTF8*$!
{
	archiveVersion = 1;
	classes = {
	};
	objectVersion = 46;
	objects = {

/* Begin PBXBuildFile section */
		1DA000061E408653007ADA5B /* UILabelUITests.m in Sources */ = {isa = PBXBuildFile; fileRef = 1DA000051E408653007ADA5B /* UILabelUITests.m */; };
		1DA0FFDF1E408653007ADA5B /* main.m in Sources */ = {isa = PBXBuildFile; fileRef = 1DA0FFDE1E408653007ADA5B /* main.m */; };
		1DA0FFE21E408653007ADA5B /* AppDelegate.m in Sources */ = {isa = PBXBuildFile; fileRef = 1DA0FFE11E408653007ADA5B /* AppDelegate.m */; };
		1DA0FFE51E408653007ADA5B /* ViewController.m in Sources */ = {isa = PBXBuildFile; fileRef = 1DA0FFE41E408653007ADA5B /* ViewController.m */; };
		1DA0FFE81E408653007ADA5B /* Main.storyboard in Resources */ = {isa = PBXBuildFile; fileRef = 1DA0FFE61E408653007ADA5B /* Main.storyboard */; };
		1DA0FFEB1E408653007ADA5B /* UILabel.xcdatamodeld in Sources */ = {isa = PBXBuildFile; fileRef = 1DA0FFE91E408653007ADA5B /* UILabel.xcdatamodeld */; };
		1DA0FFED1E408653007ADA5B /* Assets.xcassets in Resources */ = {isa = PBXBuildFile; fileRef = 1DA0FFEC1E408653007ADA5B /* Assets.xcassets */; };
		1DA0FFF01E408653007ADA5B /* LaunchScreen.storyboard in Resources */ = {isa = PBXBuildFile; fileRef = 1DA0FFEE1E408653007ADA5B /* LaunchScreen.storyboard */; };
		1DA0FFFB1E408653007ADA5B /* UILabelTests.m in Sources */ = {isa = PBXBuildFile; fileRef = 1DA0FFFA1E408653007ADA5B /* UILabelTests.m */; };
/* End PBXBuildFile section */

/* Begin PBXContainerItemProxy section */
		1DA000021E408653007ADA5B /* PBXContainerItemProxy */ = {
			isa = PBXContainerItemProxy;
			containerPortal = 1DA0FFD21E408653007ADA5B /* Project object */;
			proxyType = 1;
			remoteGlobalIDString = 1DA0FFD91E408653007ADA5B;
			remoteInfo = UILabel;
		};
		1DA0FFF71E408653007ADA5B /* PBXContainerItemProxy */ = {
			isa = PBXContainerItemProxy;
			containerPortal = 1DA0FFD21E408653007ADA5B /* Project object */;
			proxyType = 1;
			remoteGlobalIDString = 1DA0FFD91E408653007ADA5B;
			remoteInfo = UILabel;
		};
/* End PBXContainerItemProxy section */

/* Begin PBXFileReference section */
		1DA000011E408653007ADA5B /* UILabelUITests.xctest */ = {isa = PBXFileReference; explicitFileType = wrapper.cfbundle; includeInIndex = 0; path = UILabelUITests.xctest; sourceTree = BUILT_PRODUCTS_DIR; };
		1DA000051E408653007ADA5B /* UILabelUITests.m */ = {isa = PBXFileReference; lastKnownFileType = sourcecode.c.objc; path = UILabelUITests.m; sourceTree = "<group>"; };
		1DA000071E408653007ADA5B /* Info.plist */ = {isa = PBXFileReference; lastKnownFileType = text.plist.xml; path = Info.plist; sourceTree = "<group>"; };
		1DA0FFDA1E408653007ADA5B /* UILabel.app */ = {isa = PBXFileReference; explicitFileType = wrapper.application; includeInIndex = 0; path = UILabel.app; sourceTree = BUILT_PRODUCTS_DIR; };
		1DA0FFDE1E408653007ADA5B /* main.m */ = {isa = PBXFileReference; lastKnownFileType = sourcecode.c.objc; path = main.m; sourceTree = "<group>"; };
		1DA0FFE01E408653007ADA5B /* AppDelegate.h */ = {isa = PBXFileReference; lastKnownFileType = sourcecode.c.h; path = AppDelegate.h; sourceTree = "<group>"; };
		1DA0FFE11E408653007ADA5B /* AppDelegate.m */ = {isa = PBXFileReference; lastKnownFileType = sourcecode.c.objc; path = AppDelegate.m; sourceTree = "<group>"; };
		1DA0FFE31E408653007ADA5B /* ViewController.h */ = {isa = PBXFileReference; lastKnownFileType = sourcecode.c.h; path = ViewController.h; sourceTree = "<group>"; };
		1DA0FFE41E408653007ADA5B /* ViewController.m */ = {isa = PBXFileReference; lastKnownFileType = sourcecode.c.objc; path = ViewController.m; sourceTree = "<group>"; };
		1DA0FFE71E408653007ADA5B /* Base */ = {isa = PBXFileReference; lastKnownFileType = file.storyboard; name = Base; path = Base.lproj/Main.storyboard; sourceTree = "<group>"; };
		1DA0FFEA1E408653007ADA5B /* UILabel.xcdatamodel */ = {isa = PBXFileReference; lastKnownFileType = wrapper.xcdatamodel; path = UILabel.xcdatamodel; sourceTree = "<group>"; };
		1DA0FFEC1E408653007ADA5B /* Assets.xcassets */ = {isa = PBXFileReference; lastKnownFileType = folder.assetcatalog; path = Assets.xcassets; sourceTree = "<group>"; };
		1DA0FFEF1E408653007ADA5B /* Base */ = {isa = PBXFileReference; lastKnownFileType = file.storyboard; name = Base; path = Base.lproj/LaunchScreen.storyboard; sourceTree = "<group>"; };
		1DA0FFF11E408653007ADA5B /* Info.plist */ = {isa = PBXFileReference; lastKnownFileType = text.plist.xml; path = Info.plist; sourceTree = "<group>"; };
		1DA0FFF61E408653007ADA5B /* UILabelTests.xctest */ = {isa = PBXFileReference; explicitFileType = wrapper.cfbundle; includeInIndex = 0; path = UILabelTests.xctest; sourceTree = BUILT_PRODUCTS_DIR; };
		1DA0FFFA1E408653007ADA5B /* UILabelTests.m */ = {isa = PBXFileReference; lastKnownFileType = sourcecode.c.objc; path = UILabelTests.m; sourceTree = "<group>"; };
		1DA0FFFC1E408653007ADA5B /* Info.plist */ = {isa = PBXFileReference; lastKnownFileType = text.plist.xml; path = Info.plist; sourceTree = "<group>"; };
/* End PBXFileReference section */

/* Begin PBXFrameworksBuildPhase section */
		1DA0FFD71E408653007ADA5B /* Frameworks */ = {
			isa = PBXFrameworksBuildPhase;
			buildActionMask = 2147483647;
			files = (
			);
			runOnlyForDeploymentPostprocessing = 0;
		};
		1DA0FFF31E408653007ADA5B /* Frameworks */ = {
			isa = PBXFrameworksBuildPhase;
			buildActionMask = 2147483647;
			files = (
			);
			runOnlyForDeploymentPostprocessing = 0;
		};
		1DA0FFFE1E408653007ADA5B /* Frameworks */ = {
			isa = PBXFrameworksBuildPhase;
			buildActionMask = 2147483647;
			files = (
			);
			runOnlyForDeploymentPostprocessing = 0;
		};
/* End PBXFrameworksBuildPhase section */

/* Begin PBXGroup section */
		1DA000041E408653007ADA5B /* UILabelUITests */ = {
			isa = PBXGroup;
			children = (
				1DA000051E408653007ADA5B /* UILabelUITests.m */,
				1DA000071E408653007ADA5B /* Info.plist */,
			);
			path = UILabelUITests;
			sourceTree = "<group>";
		};
		1DA0FFD11E408653007ADA5B = {
			isa = PBXGroup;
			children = (
				1DA0FFDC1E408653007ADA5B /* UILabel */,
				1DA0FFF91E408653007ADA5B /* UILabelTests */,
				1DA000041E408653007ADA5B /* UILabelUITests */,
				1DA0FFDB1E408653007ADA5B /* Products */,
			);
			sourceTree = "<group>";
		};
		1DA0FFDB1E408653007ADA5B /* Products */ = {
			isa = PBXGroup;
			children = (
				1DA0FFDA1E408653007ADA5B /* UILabel.app */,
				1DA0FFF61E408653007ADA5B /* UILabelTests.xctest */,
				1DA000011E408653007ADA5B /* UILabelUITests.xctest */,
			);
			name = Products;
			sourceTree = "<group>";
		};
		1DA0FFDC1E408653007ADA5B /* UILabel */ = {
			isa = PBXGroup;
			children = (
				1DA0FFE01E408653007ADA5B /* AppDelegate.h */,
				1DA0FFE11E408653007ADA5B /* AppDelegate.m */,
				1DA0FFE31E408653007ADA5B /* ViewController.h */,
				1DA0FFE41E408653007ADA5B /* ViewController.m */,
				1DA0FFE61E408653007ADA5B /* Main.storyboard */,
				1DA0FFEC1E408653007ADA5B /* Assets.xcassets */,
				1DA0FFEE1E408653007ADA5B /* LaunchScreen.storyboard */,
				1DA0FFF11E408653007ADA5B /* Info.plist */,
				1DA0FFE91E408653007ADA5B /* UILabel.xcdatamodeld */,
				1DA0FFDD1E408653007ADA5B /* Supporting Files */,
			);
			path = UILabel;
			sourceTree = "<group>";
		};
		1DA0FFDD1E408653007ADA5B /* Supporting Files */ = {
			isa = PBXGroup;
			children = (
				1DA0FFDE1E408653007ADA5B /* main.m */,
			);
			name = "Supporting Files";
			sourceTree = "<group>";
		};
		1DA0FFF91E408653007ADA5B /* UILabelTests */ = {
			isa = PBXGroup;
			children = (
				1DA0FFFA1E408653007ADA5B /* UILabelTests.m */,
				1DA0FFFC1E408653007ADA5B /* Info.plist */,
			);
			path = UILabelTests;
			sourceTree = "<group>";
		};
/* End PBXGroup section */

/* Begin PBXNativeTarget section */
		1DA000001E408653007ADA5B /* UILabelUITests */ = {
			isa = PBXNativeTarget;
			buildConfigurationList = 1DA000101E408653007ADA5B /* Build configuration list for PBXNativeTarget "UILabelUITests" */;
			buildPhases = (
				1DA0FFFD1E408653007ADA5B /* Sources */,
				1DA0FFFE1E408653007ADA5B /* Frameworks */,
				1DA0FFFF1E408653007ADA5B /* Resources */,
			);
			buildRules = (
			);
			dependencies = (
				1DA000031E408653007ADA5B /* PBXTargetDependency */,
			);
			name = UILabelUITests;
			productName = UILabelUITests;
			productReference = 1DA000011E408653007ADA5B /* UILabelUITests.xctest */;
			productType = "com.apple.product-type.bundle.ui-testing";
		};
		1DA0FFD91E408653007ADA5B /* UILabel */ = {
			isa = PBXNativeTarget;
			buildConfigurationList = 1DA0000A1E408653007ADA5B /* Build configuration list for PBXNativeTarget "UILabel" */;
			buildPhases = (
				1DA0FFD61E408653007ADA5B /* Sources */,
				1DA0FFD71E408653007ADA5B /* Frameworks */,
				1DA0FFD81E408653007ADA5B /* Resources */,
			);
			buildRules = (
			);
			dependencies = (
			);
			name = UILabel;
			productName = UILabel;
			productReference = 1DA0FFDA1E408653007ADA5B /* UILabel.app */;
			productType = "com.apple.product-type.application";
		};
		1DA0FFF51E408653007ADA5B /* UILabelTests */ = {
			isa = PBXNativeTarget;
			buildConfigurationList = 1DA0000D1E408653007ADA5B /* Build configuration list for PBXNativeTarget "UILabelTests" */;
			buildPhases = (
				1DA0FFF21E408653007ADA5B /* Sources */,
				1DA0FFF31E408653007ADA5B /* Frameworks */,
				1DA0FFF41E408653007ADA5B /* Resources */,
			);
			buildRules = (
			);
			dependencies = (
				1DA0FFF81E408653007ADA5B /* PBXTargetDependency */,
			);
			name = UILabelTests;
			productName = UILabelTests;
			productReference = 1DA0FFF61E408653007ADA5B /* UILabelTests.xctest */;
			productType = "com.apple.product-type.bundle.unit-test";
		};
/* End PBXNativeTarget section */

/* Begin PBXProject section */
		1DA0FFD21E408653007ADA5B /* Project object */ = {
			isa = PBXProject;
			attributes = {
				LastUpgradeCheck = 0810;
				ORGANIZATIONNAME = "Ferrakkem Bhuiyan";
				TargetAttributes = {
					1DA000001E408653007ADA5B = {
						CreatedOnToolsVersion = 8.1;
						ProvisioningStyle = Automatic;
						TestTargetID = 1DA0FFD91E408653007ADA5B;
					};
					1DA0FFD91E408653007ADA5B = {
						CreatedOnToolsVersion = 8.1;
						ProvisioningStyle = Automatic;
					};
					1DA0FFF51E408653007ADA5B = {
						CreatedOnToolsVersion = 8.1;
						ProvisioningStyle = Automatic;
						TestTargetID = 1DA0FFD91E408653007ADA5B;
					};
				};
			};
			buildConfigurationList = 1DA0FFD51E408653007ADA5B /* Build configuration list for PBXProject "UILabel" */;
			compatibilityVersion = "Xcode 3.2";
			developmentRegion = English;
			hasScannedForEncodings = 0;
			knownRegions = (
				en,
				Base,
			);
			mainGroup = 1DA0FFD11E408653007ADA5B;
			productRefGroup = 1DA0FFDB1E408653007ADA5B /* Products */;
			projectDirPath = "";
			projectRoot = "";
			targets = (
				1DA0FFD91E408653007ADA5B /* UILabel */,
				1DA0FFF51E408653007ADA5B /* UILabelTests */,
				1DA000001E408653007ADA5B /* UILabelUITests */,
			);
		};
/* End PBXProject section */

/* Begin PBXResourcesBuildPhase section */
		1DA0FFD81E408653007ADA5B /* Resources */ = {
			isa = PBXResourcesBuildPhase;
			buildActionMask = 2147483647;
			files = (
				1DA0FFF01E408653007ADA5B /* LaunchScreen.storyboard in Resources */,
				1DA0FFED1E408653007ADA5B /* Assets.xcassets in Resources */,
				1DA0FFE81E408653007ADA5B /* Main.storyboard in Resources */,
			);
			runOnlyForDeploymentPostprocessing = 0;
		};
		1DA0FFF41E408653007ADA5B /* Resources */ = {
			isa = PBXResourcesBuildPhase;
			buildActionMask = 2147483647;
			files = (
			);
			runOnlyForDeploymentPostprocessing = 0;
		};
		1DA0FFFF1E408653007ADA5B /* Resources */ = {
			isa = PBXResourcesBuildPhase;
			buildActionMask = 2147483647;
			files = (
			);
			runOnlyForDeploymentPostprocessing = 0;
		};
/* End PBXResourcesBuildPhase section */

/* Begin PBXSourcesBuildPhase section */
		1DA0FFD61E408653007ADA5B /* Sources */ = {
			isa = PBXSourcesBuildPhase;
			buildActionMask = 2147483647;
			files = (
				1DA0FFE51E408653007ADA5B /* ViewController.m in Sources */,
				1DA0FFE21E408653007ADA5B /* AppDelegate.m in Sources */,
				1DA0FFEB1E408653007ADA5B /* UILabel.xcdatamodeld in Sources */,
				1DA0FFDF1E408653007ADA5B /* main.m in Sources */,
			);
			runOnlyForDeploymentPostprocessing = 0;
		};
		1DA0FFF21E408653007ADA5B /* Sources */ = {
			isa = PBXSourcesBuildPhase;
			buildActionMask = 2147483647;
			files = (
				1DA0FFFB1E408653007ADA5B /* UILabelTests.m in Sources */,
			);
			runOnlyForDeploymentPostprocessing = 0;
		};
		1DA0FFFD1E408653007ADA5B /* Sources */ = {
			isa = PBXSourcesBuildPhase;
			buildActionMask = 2147483647;
			files = (
				1DA000061E408653007ADA5B /* UILabelUITests.m in Sources */,
			);
			runOnlyForDeploymentPostprocessing = 0;
		};
/* End PBXSourcesBuildPhase section */

/* Begin PBXTargetDependency section */
		1DA000031E408653007ADA5B /* PBXTargetDependency */ = {
			isa = PBXTargetDependency;
			target = 1DA0FFD91E408653007ADA5B /* UILabel */;
			targetProxy = 1DA000021E408653007ADA5B /* PBXContainerItemProxy */;
		};
		1DA0FFF81E408653007ADA5B /* PBXTargetDependency */ = {
			isa = PBXTargetDependency;
			target = 1DA0FFD91E408653007ADA5B /* UILabel */;
			targetProxy = 1DA0FFF71E408653007ADA5B /* PBXContainerItemProxy */;
		};
/* End PBXTargetDependency section */

/* Begin PBXVariantGroup section */
		1DA0FFE61E408653007ADA5B /* Main.storyboard */ = {
			isa = PBXVariantGroup;
			children = (
				1DA0FFE71E408653007ADA5B /* Base */,
			);
			name = Main.storyboard;
			sourceTree = "<group>";
		};
		1DA0FFEE1E408653007ADA5B /* LaunchScreen.storyboard */ = {
			isa = PBXVariantGroup;
			children = (
				1DA0FFEF1E408653007ADA5B /* Base */,
			);
			name = LaunchScreen.storyboard;
			sourceTree = "<group>";
		};
/* End PBXVariantGroup section */

/* Begin XCBuildConfiguration section */
		1DA000081E408653007ADA5B /* Debug */ = {
			isa = XCBuildConfiguration;
			buildSettings = {
				ALWAYS_SEARCH_USER_PATHS = NO;
				CLANG_ANALYZER_NONNULL = YES;
				CLANG_CXX_LANGUAGE_STANDARD = "gnu++0x";
				CLANG_CXX_LIBRARY = "libc++";
				CLANG_ENABLE_MODULES = YES;
				CLANG_ENABLE_OBJC_ARC = YES;
				CLANG_WARN_BOOL_CONVERSION = YES;
				CLANG_WARN_CONSTANT_CONVERSION = YES;
				CLANG_WARN_DIRECT_OBJC_ISA_USAGE = YES_ERROR;
				CLANG_WARN_DOCUMENTATION_COMMENTS = YES;
				CLANG_WARN_EMPTY_BODY = YES;
				CLANG_WARN_ENUM_CONVERSION = YES;
				CLANG_WARN_INFINITE_RECURSION = YES;
				CLANG_WARN_INT_CONVERSION = YES;
				CLANG_WARN_OBJC_ROOT_CLASS = YES_ERROR;
				CLANG_WARN_SUSPICIOUS_MOVES = YES;
				CLANG_WARN_UNREACHABLE_CODE = YES;
				CLANG_WARN__DUPLICATE_METHOD_MATCH = YES;
				"CODE_SIGN_IDENTITY[sdk=iphoneos*]" = "iPhone Developer";
				COPY_PHASE_STRIP = NO;
				DEBUG_INFORMATION_FORMAT = dwarf;
				ENABLE_STRICT_OBJC_MSGSEND = YES;
				ENABLE_TESTABILITY = YES;
				GCC_C_LANGUAGE_STANDARD = gnu99;
				GCC_DYNAMIC_NO_PIC = NO;
				GCC_NO_COMMON_BLOCKS = YES;
				GCC_OPTIMIZATION_LEVEL = 0;
				GCC_PREPROCESSOR_DEFINITIONS = (
					"DEBUG=1",
					"$(inherited)",
				);
				GCC_WARN_64_TO_32_BIT_CONVERSION = YES;
				GCC_WARN_ABOUT_RETURN_TYPE = YES_ERROR;
				GCC_WARN_UNDECLARED_SELECTOR = YES;
				GCC_WARN_UNINITIALIZED_AUTOS = YES_AGGRESSIVE;
				GCC_WARN_UNUSED_FUNCTION = YES;
				GCC_WARN_UNUSED_VARIABLE = YES;
				IPHONEOS_DEPLOYMENT_TARGET = 10.1;
				MTL_ENABLE_DEBUG_INFO = YES;
				ONLY_ACTIVE_ARCH = YES;
				SDKROOT = iphoneos;
			};
			name = Debug;
		};
		1DA000091E408653007ADA5B /* Release */ = {
			isa = XCBuildConfiguration;
			buildSettings = {
				ALWAYS_SEARCH_USER_PATHS = NO;
				CLANG_ANALYZER_NONNULL = YES;
				CLANG_CXX_LANGUAGE_STANDARD = "gnu++0x";
				CLANG_CXX_LIBRARY = "libc++";
				CLANG_ENABLE_MODULES = YES;
				CLANG_ENABLE_OBJC_ARC = YES;
				CLANG_WARN_BOOL_CONVERSION = YES;
				CLANG_WARN_CONSTANT_CONVERSION = YES;
				CLANG_WARN_DIRECT_OBJC_ISA_USAGE = YES_ERROR;
				CLANG_WARN_DOCUMENTATION_COMMENTS = YES;
				CLANG_WARN_EMPTY_BODY = YES;
				CLANG_WARN_ENUM_CONVERSION = YES;
				CLANG_WARN_INFINITE_RECURSION = YES;
				CLANG_WARN_INT_CONVERSION = YES;
				CLANG_WARN_OBJC_ROOT_CLASS = YES_ERROR;
				CLANG_WARN_SUSPICIOUS_MOVES = YES;
				CLANG_WARN_UNREACHABLE_CODE = YES;
				CLANG_WARN__DUPLICATE_METHOD_MATCH = YES;
				"CODE_SIGN_IDENTITY[sdk=iphoneos*]" = "iPhone Developer";
				COPY_PHASE_STRIP = NO;
				DEBUG_INFORMATION_FORMAT = "dwarf-with-dsym";
				ENABLE_NS_ASSERTIONS = NO;
				ENABLE_STRICT_OBJC_MSGSEND = YES;
				GCC_C_LANGUAGE_STANDARD = gnu99;
				GCC_NO_COMMON_BLOCKS = YES;
				GCC_WARN_64_TO_32_BIT_CONVERSION = YES;
				GCC_WARN_ABOUT_RETURN_TYPE = YES_ERROR;
				GCC_WARN_UNDECLARED_SELECTOR = YES;
				GCC_WARN_UNINITIALIZED_AUTOS = YES_AGGRESSIVE;
				GCC_WARN_UNUSED_FUNCTION = YES;
				GCC_WARN_UNUSED_VARIABLE = YES;
				IPHONEOS_DEPLOYMENT_TARGET = 10.1;
				MTL_ENABLE_DEBUG_INFO = NO;
				SDKROOT = iphoneos;
				VALIDATE_PRODUCT = YES;
			};
			name = Release;
		};
		1DA0000B1E408653007ADA5B /* Debug */ = {
			isa = XCBuildConfiguration;
			buildSettings = {
				ASSETCATALOG_COMPILER_APPICON_NAME = AppIcon;
				"CODE_SIGN_IDENTITY[sdk=iphoneos*]" = "iPhone Developer";
				DEVELOPMENT_TEAM = "";
				INFOPLIST_FILE = UILabel/Info.plist;
				LD_RUNPATH_SEARCH_PATHS = "$(inherited) @executable_path/Frameworks";
				PRODUCT_BUNDLE_IDENTIFIER = Ferrakkem.UILabel;
				PRODUCT_NAME = "$(TARGET_NAME)";
			};
			name = Debug;
		};
		1DA0000C1E408653007ADA5B /* Release */ = {
			isa = XCBuildConfiguration;
			buildSettings = {
				ASSETCATALOG_COMPILER_APPICON_NAME = AppIcon;
				"CODE_SIGN_IDENTITY[sdk=iphoneos*]" = "iPhone Developer";
				DEVELOPMENT_TEAM = "";
				INFOPLIST_FILE = UILabel/Info.plist;
				LD_RUNPATH_SEARCH_PATHS = "$(inherited) @executable_path/Frameworks";
				PRODUCT_BUNDLE_IDENTIFIER = Ferrakkem.UILabel;
				PRODUCT_NAME = "$(TARGET_NAME)";
			};
			name = Release;
		};
		1DA0000E1E408653007ADA5B /* Debug */ = {
			isa = XCBuildConfiguration;
			buildSettings = {
				BUNDLE_LOADER = "$(TEST_HOST)";
				INFOPLIST_FILE = UILabelTests/Info.plist;
				LD_RUNPATH_SEARCH_PATHS = "$(inherited) @executable_path/Frameworks @loader_path/Frameworks";
				PRODUCT_BUNDLE_IDENTIFIER = Ferrakkem.UILabelTests;
				PRODUCT_NAME = "$(TARGET_NAME)";
				TEST_HOST = "$(BUILT_PRODUCTS_DIR)/UILabel.app/UILabel";
			};
			name = Debug;
		};
		1DA0000F1E408653007ADA5B /* Release */ = {
			isa = XCBuildConfiguration;
			buildSettings = {
				BUNDLE_LOADER = "$(TEST_HOST)";
				INFOPLIST_FILE = UILabelTests/Info.plist;
				LD_RUNPATH_SEARCH_PATHS = "$(inherited) @executable_path/Frameworks @loader_path/Frameworks";
				PRODUCT_BUNDLE_IDENTIFIER = Ferrakkem.UILabelTests;
				PRODUCT_NAME = "$(TARGET_NAME)";
				TEST_HOST = "$(BUILT_PRODUCTS_DIR)/UILabel.app/UILabel";
			};
			name = Release;
		};
		1DA000111E408653007ADA5B /* Debug */ = {
			isa = XCBuildConfiguration;
			buildSettings = {
				INFOPLIST_FILE = UILabelUITests/Info.plist;
				LD_RUNPATH_SEARCH_PATHS = "$(inherited) @executable_path/Frameworks @loader_path/Frameworks";
				PRODUCT_BUNDLE_IDENTIFIER = Ferrakkem.UILabelUITests;
				PRODUCT_NAME = "$(TARGET_NAME)";
				TEST_TARGET_NAME = UILabel;
			};
			name = Debug;
		};
		1DA000121E408653007ADA5B /* Release */ = {
			isa = XCBuildConfiguration;
			buildSettings = {
				INFOPLIST_FILE = UILabelUITests/Info.plist;
				LD_RUNPATH_SEARCH_PATHS = "$(inherited) @executable_path/Frameworks @loader_path/Frameworks";
				PRODUCT_BUNDLE_IDENTIFIER = Ferrakkem.UILabelUITests;
				PRODUCT_NAME = "$(TARGET_NAME)";
				TEST_TARGET_NAME = UILabel;
			};
			name = Release;
		};
/* End XCBuildConfiguration section */

/* Begin XCConfigurationList section */
		1DA0000A1E408653007ADA5B /* Build configuration list for PBXNativeTarget "UILabel" */ = {
			isa = XCConfigurationList;
			buildConfigurations = (
				1DA0000B1E408653007ADA5B /* Debug */,
				1DA0000C1E408653007ADA5B /* Release */,
			);
			defaultConfigurationIsVisible = 0;
		};
		1DA0000D1E408653007ADA5B /* Build configuration list for PBXNativeTarget "UILabelTests" */ = {
			isa = XCConfigurationList;
			buildConfigurations = (
				1DA0000E1E408653007ADA5B /* Debug */,
				1DA0000F1E408653007ADA5B /* Release */,
			);
			defaultConfigurationIsVisible = 0;
		};
		1DA000101E408653007ADA5B /* Build configuration list for PBXNativeTarget "UILabelUITests" */ = {
			isa = XCConfigurationList;
			buildConfigurations = (
				1DA000111E408653007ADA5B /* Debug */,
				1DA000121E408653007ADA5B /* Release */,
			);
			defaultConfigurationIsVisible = 0;
		};
		1DA0FFD51E408653007ADA5B /* Build configuration list for PBXProject "UILabel" */ = {
			isa = XCConfigurationList;
			buildConfigurations = (
				1DA000081E408653007ADA5B /* Debug */,
				1DA000091E408653007ADA5B /* Release */,
			);
			defaultConfigurationIsVisible = 0;
			defaultConfigurationName = Release;
		};
/* End XCConfigurationList section */

/* Begin XCVersionGroup section */
		1DA0FFE91E408653007ADA5B /* UILabel.xcdatamodeld */ = {
			isa = XCVersionGroup;
			children = (
				1DA0FFEA1E408653007ADA5B /* UILabel.xcdatamodel */,
			);
			currentVersion = 1DA0FFEA1E408653007ADA5B /* UILabel.xcdatamodel */;
			path = UILabel.xcdatamodeld;
			sourceTree = "<group>";
			versionGroupType = wrapper.xcdatamodel;
		};
/* End XCVersionGroup section */
	};
	rootObject = 1DA0FFD21E408653007ADA5B /* Project object */;
}
